<?xml version="1.0" encoding="utf-8"?>
<Project ToolsVersion="4.0" xmlns="http://schemas.microsoft.com/developer/msbuild/2003">
  <ItemGroup>
    <Filter Include="Source Files">
      <UniqueIdentifier>{4FC737F1-C7A5-4376-A066-2A32D752A2FF}</UniqueIdentifier>
      <Extensions>cpp;c;cc;cxx;def;odl;idl;hpj;bat;asm;asmx</Extensions>
    </Filter>
    <Filter Include="Header Files">
      <UniqueIdentifier>{93995380-89BD-4b04-88EB-625FBE52EBFB}</UniqueIdentifier>
      <Extensions>h;hh;hpp;hxx;hm;inl;inc;xsd</Extensions>
    </Filter>
    <Filter Include="bst">
      <UniqueIdentifier>{a78ff8d3-167b-4d7f-84ff-33706fe4f0e3}</UniqueIdentifier>
    </Filter>
    <Filter Include="bst\test">
      <UniqueIdentifier>{66190345-50be-4c52-ad3b-9dab4456403d}</UniqueIdentifier>
    </Filter>
    <Filter Include="bst\test\Source Files">
      <UniqueIdentifier>{4FC737F1-C7A5-4376-A066-2A32D752A2FF}</UniqueIdentifier>
      <Extensions>cpp;c;cc;cxx;def;odl;idl;hpj;bat;asm;asmx</Extensions>
    </Filter>
    <Filter Include="bst\test\Header Files">
      <UniqueIdentifier>{93995380-89BD-4b04-88EB-625FBE52EBFB}</UniqueIdentifier>
      <Extensions>h;hh;hpp;hxx;hm;inl;inc;xsd</Extensions>
    </Filter>
    <Filter Include="cpprest">
      <UniqueIdentifier>{c3573459-6056-459f-9ac9-9d77efa2aced}</UniqueIdentifier>
    </Filter>
    <Filter Include="cpprest\Source Files">
      <UniqueIdentifier>{4FC737F1-C7A5-4376-A066-2A32D752A2FF}</UniqueIdentifier>
      <Extensions>cpp;c;cc;cxx;def;odl;idl;hpj;bat;asm;asmx</Extensions>
    </Filter>
    <Filter Include="cpprest\Header Files">
      <UniqueIdentifier>{93995380-89BD-4b04-88EB-625FBE52EBFB}</UniqueIdentifier>
      <Extensions>h;hh;hpp;hxx;hm;inl;inc;xsd</Extensions>
    </Filter>
    <Filter Include="cpprest\test">
      <UniqueIdentifier>{bbf0ae4f-6c2a-430a-a5a5-0cdbb7ec3588}</UniqueIdentifier>
    </Filter>
    <Filter Include="cpprest\test\Source Files">
      <UniqueIdentifier>{4FC737F1-C7A5-4376-A066-2A32D752A2FF}</UniqueIdentifier>
      <Extensions>cpp;c;cc;cxx;def;odl;idl;hpj;bat;asm;asmx</Extensions>
    </Filter>
    <Filter Include="cpprest\test\Header Files">
      <UniqueIdentifier>{93995380-89BD-4b04-88EB-625FBE52EBFB}</UniqueIdentifier>
      <Extensions>h;hh;hpp;hxx;hm;inl;inc;xsd</Extensions>
    </Filter>
    <Filter Include="nmos">
      <UniqueIdentifier>{da1962ef-f7f8-45d1-927d-34b3452ff009}</UniqueIdentifier>
    </Filter>
    <Filter Include="nmos\Source Files">
      <UniqueIdentifier>{4FC737F1-C7A5-4376-A066-2A32D752A2FF}</UniqueIdentifier>
      <Extensions>cpp;c;cc;cxx;def;odl;idl;hpj;bat;asm;asmx</Extensions>
    </Filter>
    <Filter Include="nmos\Header Files">
      <UniqueIdentifier>{93995380-89BD-4b04-88EB-625FBE52EBFB}</UniqueIdentifier>
      <Extensions>h;hh;hpp;hxx;hm;inl;inc;xsd</Extensions>
    </Filter>
    <Filter Include="nmos\test">
      <UniqueIdentifier>{cf7f9ff4-22e8-4df0-b728-ca0e552bc182}</UniqueIdentifier>
    </Filter>
    <Filter Include="nmos\test\Source Files">
      <UniqueIdentifier>{4FC737F1-C7A5-4376-A066-2A32D752A2FF}</UniqueIdentifier>
      <Extensions>cpp;c;cc;cxx;def;odl;idl;hpj;bat;asm;asmx</Extensions>
    </Filter>
    <Filter Include="nmos\test\Header Files">
      <UniqueIdentifier>{93995380-89BD-4b04-88EB-625FBE52EBFB}</UniqueIdentifier>
      <Extensions>h;hh;hpp;hxx;hm;inl;inc;xsd</Extensions>
    </Filter>
    <Filter Include="mdns">
      <UniqueIdentifier>{1fe69227-4377-4f46-904e-cc7e0d434ee5}</UniqueIdentifier>
    </Filter>
    <Filter Include="mdns\test">
      <UniqueIdentifier>{eed862cc-29da-4abc-bd27-a9cfb6dee391}</UniqueIdentifier>
    </Filter>
    <Filter Include="mdns\test\Source Files">
      <UniqueIdentifier>{4FC737F1-C7A5-4376-A066-2A32D752A2FF}</UniqueIdentifier>
      <Extensions>cpp;c;cc;cxx;def;odl;idl;hpj;bat;asm;asmx</Extensions>
    </Filter>
    <Filter Include="mdns\test\Header Files">
      <UniqueIdentifier>{93995380-89BD-4b04-88EB-625FBE52EBFB}</UniqueIdentifier>
      <Extensions>h;hh;hpp;hxx;hm;inl;inc;xsd</Extensions>
    </Filter>
    <Filter Include="NuGet Dependencies">
      <UniqueIdentifier>{96afef71-8b49-481f-a95b-401d6b2a4dd5}</UniqueIdentifier>
    </Filter>
  </ItemGroup>
  <ItemGroup>
    <ClCompile Include="main.cpp">
      <Filter>Source Files</Filter>
    </ClCompile>
    <ClCompile Include="..\..\cpprest\test\regex_utils_test.cpp">
      <Filter>cpprest\test\Source Files</Filter>
    </ClCompile>
    <ClCompile Include="..\..\cpprest\test\api_router_test.cpp">
      <Filter>cpprest\test\Source Files</Filter>
    </ClCompile>
    <ClCompile Include="..\..\cpprest\api_router.cpp">
      <Filter>cpprest\Source Files</Filter>
    </ClCompile>
    <ClCompile Include="..\..\cpprest\http_utils.cpp">
      <Filter>cpprest\Source Files</Filter>
    </ClCompile>
    <ClCompile Include="..\..\mdns\test\mdns_test.cpp">
      <Filter>mdns\test\Source Files</Filter>
    </ClCompile>
    <ClCompile Include="..\..\nmos\test\api_utils_test.cpp">
      <Filter>nmos\test\Source Files</Filter>
    </ClCompile>
    <ClCompile Include="..\..\nmos\api_utils.cpp">
      <Filter>nmos\Source Files</Filter>
    </ClCompile>
    <ClCompile Include="..\..\nmos\test\query_utils_test.cpp">
      <Filter>nmos\test\Source Files</Filter>
    </ClCompile>
    <ClCompile Include="..\..\cpprest\test\http_utils_test.cpp">
      <Filter>cpprest\test\Source Files</Filter>
    </ClCompile>
    <ClCompile Include="..\..\cpprest\host_utils.cpp">
      <Filter>cpprest\Source Files</Filter>
    </ClCompile>
  </ItemGroup>
  <ItemGroup>
    <ClInclude Include="..\..\bst\test\test.h">
      <Filter>bst\test\Header Files</Filter>
    </ClInclude>
  </ItemGroup>
  <ItemGroup>
    <None Include="packages.config">
      <Filter>NuGet Dependencies</Filter>
    </None>
  </ItemGroup>
</Project>